
Microsoft Visual Studio Solution File, Format Version 12.00
# Visual Studio Version 17
VisualStudioVersion = 17.5.002.0
MinimumVisualStudioVersion = 10.0.40219.1
Project("{9A19103F-16F7-4668-BE54-9A1E7A4F7556}") = "Auction", "Auction.csproj", "{7E6D3D54-262F-4DC4-95A3-A54FB84349DE}"
EndProject
Global
	GlobalSection(SolutionConfigurationPlatforms) = preSolution
		Debug|Any CPU = Debug|Any CPU
		Release|Any CPU = Release|Any CPU
	EndGlobalSection
	GlobalSection(ProjectConfigurationPlatforms) = postSolution
		{7E6D3D54-262F-4DC4-95A3-A54FB84349DE}.Debug|Any CPU.ActiveCfg = Debug|Any CPU
		{7E6D3D54-262F-4DC4-95A3-A54FB84349DE}.Debug|Any CPU.Build.0 = Debug|Any CPU
		{7E6D3D54-262F-4DC4-95A3-A54FB84349DE}.Release|Any CPU.ActiveCfg = Release|Any CPU
		{7E6D3D54-262F-4DC4-95A3-A54FB84349DE}.Release|Any CPU.Build.0 = Release|Any CPU
	EndGlobalSection
	GlobalSection(SolutionProperties) = preSolution
		HideSolutionNode = FALSE
	EndGlobalSection
	GlobalSection(ExtensibilityGlobals) = postSolution
		SolutionGuid = {33F0427E-C35D-4F45-AE22-4F8F94346A33}
	EndGlobalSection
EndGlobal
