
Microsoft Visual Studio Solution File, Format Version 12.00
# Visual Studio Version 17
VisualStudioVersion = 17.5.002.0
MinimumVisualStudioVersion = 10.0.40219.1
Project("{9A19103F-16F7-4668-BE54-9A1E7A4F7556}") = "Auction", "Auction.csproj", "{DA6620C9-387E-4F83-903F-53E064EB4A22}"
EndProject
Global
	GlobalSection(SolutionConfigurationPlatforms) = preSolution
		Debug|Any CPU = Debug|Any CPU
		Release|Any CPU = Release|Any CPU
	EndGlobalSection
	GlobalSection(ProjectConfigurationPlatforms) = postSolution
		{DA6620C9-387E-4F83-903F-53E064EB4A22}.Debug|Any CPU.ActiveCfg = Debug|Any CPU
		{DA6620C9-387E-4F83-903F-53E064EB4A22}.Debug|Any CPU.Build.0 = Debug|Any CPU
		{DA6620C9-387E-4F83-903F-53E064EB4A22}.Release|Any CPU.ActiveCfg = Release|Any CPU
		{DA6620C9-387E-4F83-903F-53E064EB4A22}.Release|Any CPU.Build.0 = Release|Any CPU
	EndGlobalSection
	GlobalSection(SolutionProperties) = preSolution
		HideSolutionNode = FALSE
	EndGlobalSection
	GlobalSection(ExtensibilityGlobals) = postSolution
		SolutionGuid = {0C7BC833-AD68-4778-A27E-E3008753F8A1}
	EndGlobalSection
EndGlobal
